// !$*UTF8*$!
{
	archiveVersion = 1;
	classes = {
	};
	objectVersion = 56;
	objects = {

/* Begin PBXBuildFile section */
		7313DF372B0F2DE500674C2B /* Localizable.strings in Resources */ = {isa = PBXBuildFile; fileRef = 7313DF362B0F2DE500674C2B /* Localizable.strings */; };
		735BFF502B14F7F100BD202D /* WCAlert.swift in Sources */ = {isa = PBXBuildFile; fileRef = 735BFF4F2B14F7F100BD202D /* WCAlert.swift */; };
		735BFF522B1533D500BD202D /* WCLoader.swift in Sources */ = {isa = PBXBuildFile; fileRef = 735BFF512B1533D500BD202D /* WCLoader.swift */; };
		735BFF542B154FE900BD202D /* WCToast.swift in Sources */ = {isa = PBXBuildFile; fileRef = 735BFF532B154FE900BD202D /* WCToast.swift */; };
		73C1DFBD2B0E7046008D584C /* WebControlAppApp.swift in Sources */ = {isa = PBXBuildFile; fileRef = 73C1DFBC2B0E7046008D584C /* WebControlAppApp.swift */; };
		73C1DFBF2B0E7046008D584C /* Login.swift in Sources */ = {isa = PBXBuildFile; fileRef = 73C1DFBE2B0E7046008D584C /* Login.swift */; };
		73C1DFC12B0E7048008D584C /* Assets.xcassets in Resources */ = {isa = PBXBuildFile; fileRef = 73C1DFC02B0E7048008D584C /* Assets.xcassets */; };
		73C1DFC42B0E7048008D584C /* Preview Assets.xcassets in Resources */ = {isa = PBXBuildFile; fileRef = 73C1DFC32B0E7048008D584C /* Preview Assets.xcassets */; };
		73C1DFCC2B0EA084008D584C /* Registro.swift in Sources */ = {isa = PBXBuildFile; fileRef = 73C1DFCB2B0EA084008D584C /* Registro.swift */; };
		73C1DFCE2B0EA215008D584C /* AyudaContraseña.swift in Sources */ = {isa = PBXBuildFile; fileRef = 73C1DFCD2B0EA215008D584C /* AyudaContraseña.swift */; };
		73C1DFD02B0EA26F008D584C /* CambiarContraseña.swift in Sources */ = {isa = PBXBuildFile; fileRef = 73C1DFCF2B0EA26F008D584C /* CambiarContraseña.swift */; };
		73C1DFD22B0EA294008D584C /* ValidarCodigo.swift in Sources */ = {isa = PBXBuildFile; fileRef = 73C1DFD12B0EA294008D584C /* ValidarCodigo.swift */; };
		73C1DFD42B0EA2B8008D584C /* ConfirmarNContraseña.swift in Sources */ = {isa = PBXBuildFile; fileRef = 73C1DFD32B0EA2B8008D584C /* ConfirmarNContraseña.swift */; };
		73E66A5E2B110FD000A06D93 /* HeaderBackground.swift in Sources */ = {isa = PBXBuildFile; fileRef = 73E66A5D2B110FD000A06D93 /* HeaderBackground.swift */; };
		73E66A602B11112D00A06D93 /* ColorBackground.swift in Sources */ = {isa = PBXBuildFile; fileRef = 73E66A5F2B11112D00A06D93 /* ColorBackground.swift */; };
		73E66A622B11143100A06D93 /* WCTextField.swift in Sources */ = {isa = PBXBuildFile; fileRef = 73E66A612B11143100A06D93 /* WCTextField.swift */; };
		73E66A642B111A8800A06D93 /* WCLogo.swift in Sources */ = {isa = PBXBuildFile; fileRef = 73E66A632B111A8800A06D93 /* WCLogo.swift */; };
		73E66A662B111CF500A06D93 /* WCButton.swift in Sources */ = {isa = PBXBuildFile; fileRef = 73E66A652B111CF500A06D93 /* WCButton.swift */; };
		73E66A682B111E2200A06D93 /* WCImage.swift in Sources */ = {isa = PBXBuildFile; fileRef = 73E66A672B111E2200A06D93 /* WCImage.swift */; };
		73E66A6A2B11494400A06D93 /* WCText.swift in Sources */ = {isa = PBXBuildFile; fileRef = 73E66A692B11494400A06D93 /* WCText.swift */; };
		73E66A6D2B11675B00A06D93 /* Contantes.swift in Sources */ = {isa = PBXBuildFile; fileRef = 73E66A6C2B11675B00A06D93 /* Contantes.swift */; };
/* End PBXBuildFile section */

/* Begin PBXFileReference section */
		7313DF362B0F2DE500674C2B /* Localizable.strings */ = {isa = PBXFileReference; lastKnownFileType = text.plist.strings; path = Localizable.strings; sourceTree = "<group>"; };
		735BFF4F2B14F7F100BD202D /* WCAlert.swift */ = {isa = PBXFileReference; lastKnownFileType = sourcecode.swift; path = WCAlert.swift; sourceTree = "<group>"; };
		735BFF512B1533D500BD202D /* WCLoader.swift */ = {isa = PBXFileReference; lastKnownFileType = sourcecode.swift; path = WCLoader.swift; sourceTree = "<group>"; };
		735BFF532B154FE900BD202D /* WCToast.swift */ = {isa = PBXFileReference; lastKnownFileType = sourcecode.swift; path = WCToast.swift; sourceTree = "<group>"; };
		73C1DFB92B0E7046008D584C /* WebControlApp.app */ = {isa = PBXFileReference; explicitFileType = wrapper.application; includeInIndex = 0; path = WebControlApp.app; sourceTree = BUILT_PRODUCTS_DIR; };
		73C1DFBC2B0E7046008D584C /* WebControlAppApp.swift */ = {isa = PBXFileReference; lastKnownFileType = sourcecode.swift; path = WebControlAppApp.swift; sourceTree = "<group>"; };
		73C1DFBE2B0E7046008D584C /* Login.swift */ = {isa = PBXFileReference; lastKnownFileType = sourcecode.swift; path = Login.swift; sourceTree = "<group>"; };
		73C1DFC02B0E7048008D584C /* Assets.xcassets */ = {isa = PBXFileReference; lastKnownFileType = folder.assetcatalog; path = Assets.xcassets; sourceTree = "<group>"; };
		73C1DFC32B0E7048008D584C /* Preview Assets.xcassets */ = {isa = PBXFileReference; lastKnownFileType = folder.assetcatalog; path = "Preview Assets.xcassets"; sourceTree = "<group>"; };
		73C1DFCB2B0EA084008D584C /* Registro.swift */ = {isa = PBXFileReference; lastKnownFileType = sourcecode.swift; path = Registro.swift; sourceTree = "<group>"; };
		73C1DFCD2B0EA215008D584C /* AyudaContraseña.swift */ = {isa = PBXFileReference; lastKnownFileType = sourcecode.swift; path = "AyudaContraseña.swift"; sourceTree = "<group>"; };
		73C1DFCF2B0EA26F008D584C /* CambiarContraseña.swift */ = {isa = PBXFileReference; lastKnownFileType = sourcecode.swift; path = "CambiarContraseña.swift"; sourceTree = "<group>"; };
		73C1DFD12B0EA294008D584C /* ValidarCodigo.swift */ = {isa = PBXFileReference; lastKnownFileType = sourcecode.swift; path = ValidarCodigo.swift; sourceTree = "<group>"; };
		73C1DFD32B0EA2B8008D584C /* ConfirmarNContraseña.swift */ = {isa = PBXFileReference; lastKnownFileType = sourcecode.swift; path = "ConfirmarNContraseña.swift"; sourceTree = "<group>"; };
		73E66A5D2B110FD000A06D93 /* HeaderBackground.swift */ = {isa = PBXFileReference; lastKnownFileType = sourcecode.swift; path = HeaderBackground.swift; sourceTree = "<group>"; };
		73E66A5F2B11112D00A06D93 /* ColorBackground.swift */ = {isa = PBXFileReference; lastKnownFileType = sourcecode.swift; path = ColorBackground.swift; sourceTree = "<group>"; };
		73E66A612B11143100A06D93 /* WCTextField.swift */ = {isa = PBXFileReference; lastKnownFileType = sourcecode.swift; path = WCTextField.swift; sourceTree = "<group>"; };
		73E66A632B111A8800A06D93 /* WCLogo.swift */ = {isa = PBXFileReference; lastKnownFileType = sourcecode.swift; path = WCLogo.swift; sourceTree = "<group>"; };
		73E66A652B111CF500A06D93 /* WCButton.swift */ = {isa = PBXFileReference; lastKnownFileType = sourcecode.swift; path = WCButton.swift; sourceTree = "<group>"; };
		73E66A672B111E2200A06D93 /* WCImage.swift */ = {isa = PBXFileReference; lastKnownFileType = sourcecode.swift; path = WCImage.swift; sourceTree = "<group>"; };
		73E66A692B11494400A06D93 /* WCText.swift */ = {isa = PBXFileReference; lastKnownFileType = sourcecode.swift; path = WCText.swift; sourceTree = "<group>"; };
		73E66A6C2B11675B00A06D93 /* Contantes.swift */ = {isa = PBXFileReference; lastKnownFileType = sourcecode.swift; path = Contantes.swift; sourceTree = "<group>"; };
/* End PBXFileReference section */

/* Begin PBXFrameworksBuildPhase section */
		73C1DFB62B0E7046008D584C /* Frameworks */ = {
			isa = PBXFrameworksBuildPhase;
			buildActionMask = 2147483647;
			files = (
			);
			runOnlyForDeploymentPostprocessing = 0;
		};
/* End PBXFrameworksBuildPhase section */

/* Begin PBXGroup section */
		73C1DFB02B0E7046008D584C = {
			isa = PBXGroup;
			children = (
				73C1DFBB2B0E7046008D584C /* WebControlApp */,
				73C1DFBA2B0E7046008D584C /* Products */,
			);
			sourceTree = "<group>";
		};
		73C1DFBA2B0E7046008D584C /* Products */ = {
			isa = PBXGroup;
			children = (
				73C1DFB92B0E7046008D584C /* WebControlApp.app */,
			);
			name = Products;
			sourceTree = "<group>";
		};
		73C1DFBB2B0E7046008D584C /* WebControlApp */ = {
			isa = PBXGroup;
			children = (
				73E66A6B2B11673400A06D93 /* Utils */,
				73E66A5A2B110EE600A06D93 /* Atoms */,
				73E66A5B2B110F0400A06D93 /* Molecules */,
				73E66A5C2B110F1600A06D93 /* Organisms */,
				73C1DFCA2B0E748A008D584C /* Views */,
				73C1DFBC2B0E7046008D584C /* WebControlAppApp.swift */,
				73C1DFC02B0E7048008D584C /* Assets.xcassets */,
				73C1DFC22B0E7048008D584C /* Preview Content */,
				7313DF362B0F2DE500674C2B /* Localizable.strings */,
			);
			path = WebControlApp;
			sourceTree = "<group>";
		};
		73C1DFC22B0E7048008D584C /* Preview Content */ = {
			isa = PBXGroup;
			children = (
				73C1DFC32B0E7048008D584C /* Preview Assets.xcassets */,
			);
			path = "Preview Content";
			sourceTree = "<group>";
		};
		73C1DFCA2B0E748A008D584C /* Views */ = {
			isa = PBXGroup;
			children = (
				73C1DFBE2B0E7046008D584C /* Login.swift */,
				73C1DFCB2B0EA084008D584C /* Registro.swift */,
				73C1DFCD2B0EA215008D584C /* AyudaContraseña.swift */,
				73C1DFCF2B0EA26F008D584C /* CambiarContraseña.swift */,
				73C1DFD12B0EA294008D584C /* ValidarCodigo.swift */,
				73C1DFD32B0EA2B8008D584C /* ConfirmarNContraseña.swift */,
			);
			path = Views;
			sourceTree = "<group>";
		};
		73E66A5A2B110EE600A06D93 /* Atoms */ = {
			isa = PBXGroup;
			children = (
				73E66A5D2B110FD000A06D93 /* HeaderBackground.swift */,
				73E66A5F2B11112D00A06D93 /* ColorBackground.swift */,
				73E66A632B111A8800A06D93 /* WCLogo.swift */,
				73E66A652B111CF500A06D93 /* WCButton.swift */,
				73E66A672B111E2200A06D93 /* WCImage.swift */,
				73E66A692B11494400A06D93 /* WCText.swift */,
				735BFF512B1533D500BD202D /* WCLoader.swift */,
				735BFF532B154FE900BD202D /* WCToast.swift */,
			);
			path = Atoms;
			sourceTree = "<group>";
		};
		73E66A5B2B110F0400A06D93 /* Molecules */ = {
			isa = PBXGroup;
			children = (
				73E66A612B11143100A06D93 /* WCTextField.swift */,
				735BFF4F2B14F7F100BD202D /* WCAlert.swift */,
			);
			path = Molecules;
			sourceTree = "<group>";
		};
		73E66A5C2B110F1600A06D93 /* Organisms */ = {
			isa = PBXGroup;
			children = (
			);
			path = Organisms;
			sourceTree = "<group>";
		};
		73E66A6B2B11673400A06D93 /* Utils */ = {
			isa = PBXGroup;
			children = (
				73E66A6C2B11675B00A06D93 /* Contantes.swift */,
			);
			path = Utils;
			sourceTree = "<group>";
		};
/* End PBXGroup section */

/* Begin PBXNativeTarget section */
		73C1DFB82B0E7046008D584C /* WebControlApp */ = {
			isa = PBXNativeTarget;
			buildConfigurationList = 73C1DFC72B0E7048008D584C /* Build configuration list for PBXNativeTarget "WebControlApp" */;
			buildPhases = (
				73C1DFB52B0E7046008D584C /* Sources */,
				73C1DFB62B0E7046008D584C /* Frameworks */,
				73C1DFB72B0E7046008D584C /* Resources */,
			);
			buildRules = (
			);
			dependencies = (
			);
			name = WebControlApp;
			productName = WebControlApp;
			productReference = 73C1DFB92B0E7046008D584C /* WebControlApp.app */;
			productType = "com.apple.product-type.application";
		};
/* End PBXNativeTarget section */

/* Begin PBXProject section */
		73C1DFB12B0E7046008D584C /* Project object */ = {
			isa = PBXProject;
			attributes = {
				BuildIndependentTargetsInParallel = 1;
				LastSwiftUpdateCheck = 1430;
				LastUpgradeCheck = 1430;
				TargetAttributes = {
					73C1DFB82B0E7046008D584C = {
						CreatedOnToolsVersion = 14.3.1;
					};
				};
			};
			buildConfigurationList = 73C1DFB42B0E7046008D584C /* Build configuration list for PBXProject "WebControlApp" */;
			compatibilityVersion = "Xcode 14.0";
			developmentRegion = en;
			hasScannedForEncodings = 0;
			knownRegions = (
				en,
				Base,
			);
			mainGroup = 73C1DFB02B0E7046008D584C;
			productRefGroup = 73C1DFBA2B0E7046008D584C /* Products */;
			projectDirPath = "";
			projectRoot = "";
			targets = (
				73C1DFB82B0E7046008D584C /* WebControlApp */,
			);
		};
/* End PBXProject section */

/* Begin PBXResourcesBuildPhase section */
		73C1DFB72B0E7046008D584C /* Resources */ = {
			isa = PBXResourcesBuildPhase;
			buildActionMask = 2147483647;
			files = (
				73C1DFC42B0E7048008D584C /* Preview Assets.xcassets in Resources */,
				7313DF372B0F2DE500674C2B /* Localizable.strings in Resources */,
				73C1DFC12B0E7048008D584C /* Assets.xcassets in Resources */,
			);
			runOnlyForDeploymentPostprocessing = 0;
		};
/* End PBXResourcesBuildPhase section */

/* Begin PBXSourcesBuildPhase section */
		73C1DFB52B0E7046008D584C /* Sources */ = {
			isa = PBXSourcesBuildPhase;
			buildActionMask = 2147483647;
			files = (
				73C1DFBF2B0E7046008D584C /* Login.swift in Sources */,
				73C1DFD42B0EA2B8008D584C /* ConfirmarNContraseña.swift in Sources */,
				73C1DFBD2B0E7046008D584C /* WebControlAppApp.swift in Sources */,
				735BFF542B154FE900BD202D /* WCToast.swift in Sources */,
				73E66A622B11143100A06D93 /* WCTextField.swift in Sources */,
				73E66A642B111A8800A06D93 /* WCLogo.swift in Sources */,
				73E66A5E2B110FD000A06D93 /* HeaderBackground.swift in Sources */,
				73E66A682B111E2200A06D93 /* WCImage.swift in Sources */,
				73C1DFD22B0EA294008D584C /* ValidarCodigo.swift in Sources */,
				73E66A662B111CF500A06D93 /* WCButton.swift in Sources */,
				73C1DFCE2B0EA215008D584C /* AyudaContraseña.swift in Sources */,
				735BFF502B14F7F100BD202D /* WCAlert.swift in Sources */,
				73C1DFCC2B0EA084008D584C /* Registro.swift in Sources */,
				73E66A602B11112D00A06D93 /* ColorBackground.swift in Sources */,
				73E66A6D2B11675B00A06D93 /* Contantes.swift in Sources */,
				735BFF522B1533D500BD202D /* WCLoader.swift in Sources */,
				73E66A6A2B11494400A06D93 /* WCText.swift in Sources */,
				73C1DFD02B0EA26F008D584C /* CambiarContraseña.swift in Sources */,
			);
			runOnlyForDeploymentPostprocessing = 0;
		};
/* End PBXSourcesBuildPhase section */

/* Begin XCBuildConfiguration section */
		73C1DFC52B0E7048008D584C /* Debug */ = {
			isa = XCBuildConfiguration;
			buildSettings = {
				ALWAYS_SEARCH_USER_PATHS = NO;
				CLANG_ANALYZER_NONNULL = YES;
				CLANG_ANALYZER_NUMBER_OBJECT_CONVERSION = YES_AGGRESSIVE;
				CLANG_CXX_LANGUAGE_STANDARD = "gnu++20";
				CLANG_ENABLE_MODULES = YES;
				CLANG_ENABLE_OBJC_ARC = YES;
				CLANG_ENABLE_OBJC_WEAK = YES;
				CLANG_WARN_BLOCK_CAPTURE_AUTORELEASING = YES;
				CLANG_WARN_BOOL_CONVERSION = YES;
				CLANG_WARN_COMMA = YES;
				CLANG_WARN_CONSTANT_CONVERSION = YES;
				CLANG_WARN_DEPRECATED_OBJC_IMPLEMENTATIONS = YES;
				CLANG_WARN_DIRECT_OBJC_ISA_USAGE = YES_ERROR;
				CLANG_WARN_DOCUMENTATION_COMMENTS = YES;
				CLANG_WARN_EMPTY_BODY = YES;
				CLANG_WARN_ENUM_CONVERSION = YES;
				CLANG_WARN_INFINITE_RECURSION = YES;
				CLANG_WARN_INT_CONVERSION = YES;
				CLANG_WARN_NON_LITERAL_NULL_CONVERSION = YES;
				CLANG_WARN_OBJC_IMPLICIT_RETAIN_SELF = YES;
				CLANG_WARN_OBJC_LITERAL_CONVERSION = YES;
				CLANG_WARN_OBJC_ROOT_CLASS = YES_ERROR;
				CLANG_WARN_QUOTED_INCLUDE_IN_FRAMEWORK_HEADER = YES;
				CLANG_WARN_RANGE_LOOP_ANALYSIS = YES;
				CLANG_WARN_STRICT_PROTOTYPES = YES;
				CLANG_WARN_SUSPICIOUS_MOVE = YES;
				CLANG_WARN_UNGUARDED_AVAILABILITY = YES_AGGRESSIVE;
				CLANG_WARN_UNREACHABLE_CODE = YES;
				CLANG_WARN__DUPLICATE_METHOD_MATCH = YES;
				COPY_PHASE_STRIP = NO;
				DEBUG_INFORMATION_FORMAT = dwarf;
				ENABLE_STRICT_OBJC_MSGSEND = YES;
				ENABLE_TESTABILITY = YES;
				GCC_C_LANGUAGE_STANDARD = gnu11;
				GCC_DYNAMIC_NO_PIC = NO;
				GCC_NO_COMMON_BLOCKS = YES;
				GCC_OPTIMIZATION_LEVEL = 0;
				GCC_PREPROCESSOR_DEFINITIONS = (
					"DEBUG=1",
					"$(inherited)",
				);
				GCC_WARN_64_TO_32_BIT_CONVERSION = YES;
				GCC_WARN_ABOUT_RETURN_TYPE = YES_ERROR;
				GCC_WARN_UNDECLARED_SELECTOR = YES;
				GCC_WARN_UNINITIALIZED_AUTOS = YES_AGGRESSIVE;
				GCC_WARN_UNUSED_FUNCTION = YES;
				GCC_WARN_UNUSED_VARIABLE = YES;
				IPHONEOS_DEPLOYMENT_TARGET = 16.4;
				MTL_ENABLE_DEBUG_INFO = INCLUDE_SOURCE;
				MTL_FAST_MATH = YES;
				ONLY_ACTIVE_ARCH = YES;
				SDKROOT = iphoneos;
				SWIFT_ACTIVE_COMPILATION_CONDITIONS = DEBUG;
				SWIFT_OPTIMIZATION_LEVEL = "-Onone";
			};
			name = Debug;
		};
		73C1DFC62B0E7048008D584C /* Release */ = {
			isa = XCBuildConfiguration;
			buildSettings = {
				ALWAYS_SEARCH_USER_PATHS = NO;
				CLANG_ANALYZER_NONNULL = YES;
				CLANG_ANALYZER_NUMBER_OBJECT_CONVERSION = YES_AGGRESSIVE;
				CLANG_CXX_LANGUAGE_STANDARD = "gnu++20";
				CLANG_ENABLE_MODULES = YES;
				CLANG_ENABLE_OBJC_ARC = YES;
				CLANG_ENABLE_OBJC_WEAK = YES;
				CLANG_WARN_BLOCK_CAPTURE_AUTORELEASING = YES;
				CLANG_WARN_BOOL_CONVERSION = YES;
				CLANG_WARN_COMMA = YES;
				CLANG_WARN_CONSTANT_CONVERSION = YES;
				CLANG_WARN_DEPRECATED_OBJC_IMPLEMENTATIONS = YES;
				CLANG_WARN_DIRECT_OBJC_ISA_USAGE = YES_ERROR;
				CLANG_WARN_DOCUMENTATION_COMMENTS = YES;
				CLANG_WARN_EMPTY_BODY = YES;
				CLANG_WARN_ENUM_CONVERSION = YES;
				CLANG_WARN_INFINITE_RECURSION = YES;
				CLANG_WARN_INT_CONVERSION = YES;
				CLANG_WARN_NON_LITERAL_NULL_CONVERSION = YES;
				CLANG_WARN_OBJC_IMPLICIT_RETAIN_SELF = YES;
				CLANG_WARN_OBJC_LITERAL_CONVERSION = YES;
				CLANG_WARN_OBJC_ROOT_CLASS = YES_ERROR;
				CLANG_WARN_QUOTED_INCLUDE_IN_FRAMEWORK_HEADER = YES;
				CLANG_WARN_RANGE_LOOP_ANALYSIS = YES;
				CLANG_WARN_STRICT_PROTOTYPES = YES;
				CLANG_WARN_SUSPICIOUS_MOVE = YES;
				CLANG_WARN_UNGUARDED_AVAILABILITY = YES_AGGRESSIVE;
				CLANG_WARN_UNREACHABLE_CODE = YES;
				CLANG_WARN__DUPLICATE_METHOD_MATCH = YES;
				COPY_PHASE_STRIP = NO;
				DEBUG_INFORMATION_FORMAT = "dwarf-with-dsym";
				ENABLE_NS_ASSERTIONS = NO;
				ENABLE_STRICT_OBJC_MSGSEND = YES;
				GCC_C_LANGUAGE_STANDARD = gnu11;
				GCC_NO_COMMON_BLOCKS = YES;
				GCC_WARN_64_TO_32_BIT_CONVERSION = YES;
				GCC_WARN_ABOUT_RETURN_TYPE = YES_ERROR;
				GCC_WARN_UNDECLARED_SELECTOR = YES;
				GCC_WARN_UNINITIALIZED_AUTOS = YES_AGGRESSIVE;
				GCC_WARN_UNUSED_FUNCTION = YES;
				GCC_WARN_UNUSED_VARIABLE = YES;
				IPHONEOS_DEPLOYMENT_TARGET = 16.4;
				MTL_ENABLE_DEBUG_INFO = NO;
				MTL_FAST_MATH = YES;
				SDKROOT = iphoneos;
				SWIFT_COMPILATION_MODE = wholemodule;
				SWIFT_OPTIMIZATION_LEVEL = "-O";
				VALIDATE_PRODUCT = YES;
			};
			name = Release;
		};
		73C1DFC82B0E7048008D584C /* Debug */ = {
			isa = XCBuildConfiguration;
			buildSettings = {
				ASSETCATALOG_COMPILER_APPICON_NAME = AppIcon;
				ASSETCATALOG_COMPILER_GLOBAL_ACCENT_COLOR_NAME = AccentColor;
				CODE_SIGN_STYLE = Automatic;
				CURRENT_PROJECT_VERSION = 1;
				DEVELOPMENT_ASSET_PATHS = "\"WebControlApp/Preview Content\"";
				ENABLE_PREVIEWS = YES;
				GENERATE_INFOPLIST_FILE = YES;
				INFOPLIST_KEY_UIApplicationSceneManifest_Generation = YES;
				INFOPLIST_KEY_UIApplicationSupportsIndirectInputEvents = YES;
				INFOPLIST_KEY_UILaunchScreen_Generation = YES;
				INFOPLIST_KEY_UISupportedInterfaceOrientations_iPad = "UIInterfaceOrientationPortrait UIInterfaceOrientationPortraitUpsideDown UIInterfaceOrientationLandscapeLeft UIInterfaceOrientationLandscapeRight";
				INFOPLIST_KEY_UISupportedInterfaceOrientations_iPhone = "UIInterfaceOrientationPortrait UIInterfaceOrientationLandscapeLeft UIInterfaceOrientationLandscapeRight";
				LD_RUNPATH_SEARCH_PATHS = (
					"$(inherited)",
					"@executable_path/Frameworks",
				);
				MARKETING_VERSION = 1.0;
				PRODUCT_BUNDLE_IDENTIFIER = "holahacker01-gmail.com.WebControlApp";
				PRODUCT_NAME = "$(TARGET_NAME)";
				SWIFT_EMIT_LOC_STRINGS = YES;
				SWIFT_VERSION = 5.0;
				TARGETED_DEVICE_FAMILY = "1,2";
			};
			name = Debug;
		};
		73C1DFC92B0E7048008D584C /* Release */ = {
			isa = XCBuildConfiguration;
			buildSettings = {
				ASSETCATALOG_COMPILER_APPICON_NAME = AppIcon;
				ASSETCATALOG_COMPILER_GLOBAL_ACCENT_COLOR_NAME = AccentColor;
				CODE_SIGN_STYLE = Automatic;
				CURRENT_PROJECT_VERSION = 1;
				DEVELOPMENT_ASSET_PATHS = "\"WebControlApp/Preview Content\"";
				ENABLE_PREVIEWS = YES;
				GENERATE_INFOPLIST_FILE = YES;
				INFOPLIST_KEY_UIApplicationSceneManifest_Generation = YES;
				INFOPLIST_KEY_UIApplicationSupportsIndirectInputEvents = YES;
				INFOPLIST_KEY_UILaunchScreen_Generation = YES;
				INFOPLIST_KEY_UISupportedInterfaceOrientations_iPad = "UIInterfaceOrientationPortrait UIInterfaceOrientationPortraitUpsideDown UIInterfaceOrientationLandscapeLeft UIInterfaceOrientationLandscapeRight";
				INFOPLIST_KEY_UISupportedInterfaceOrientations_iPhone = "UIInterfaceOrientationPortrait UIInterfaceOrientationLandscapeLeft UIInterfaceOrientationLandscapeRight";
				LD_RUNPATH_SEARCH_PATHS = (
					"$(inherited)",
					"@executable_path/Frameworks",
				);
				MARKETING_VERSION = 1.0;
				PRODUCT_BUNDLE_IDENTIFIER = "holahacker01-gmail.com.WebControlApp";
				PRODUCT_NAME = "$(TARGET_NAME)";
				SWIFT_EMIT_LOC_STRINGS = YES;
				SWIFT_VERSION = 5.0;
				TARGETED_DEVICE_FAMILY = "1,2";
			};
			name = Release;
		};
/* End XCBuildConfiguration section */

/* Begin XCConfigurationList section */
		73C1DFB42B0E7046008D584C /* Build configuration list for PBXProject "WebControlApp" */ = {
			isa = XCConfigurationList;
			buildConfigurations = (
				73C1DFC52B0E7048008D584C /* Debug */,
				73C1DFC62B0E7048008D584C /* Release */,
			);
			defaultConfigurationIsVisible = 0;
			defaultConfigurationName = Release;
		};
		73C1DFC72B0E7048008D584C /* Build configuration list for PBXNativeTarget "WebControlApp" */ = {
			isa = XCConfigurationList;
			buildConfigurations = (
				73C1DFC82B0E7048008D584C /* Debug */,
				73C1DFC92B0E7048008D584C /* Release */,
			);
			defaultConfigurationIsVisible = 0;
			defaultConfigurationName = Release;
		};
/* End XCConfigurationList section */
	};
	rootObject = 73C1DFB12B0E7046008D584C /* Project object */;
}
